PODS:
  - Alamofire (4.8.0)
  - AlignedCollectionViewFlowLayout (1.1.2)
  - CameraManager (4.3.0)
  - CountryAndCity (0.1.7)
  - Crashlytics (3.12.0):
    - Fabric (~> 1.9.0)
  - Fabric (1.9.0)
  - HTTPStatusCodes (3.1.2)
  - iCarousel (1.8.3)
  - IQKeyboardManagerSwift (6.2.0)
  - Kingfisher (4.8.1)
  - Moya/Core (12.0.1):
    - Alamofire (~> 4.1)
    - Result (~> 4.0)
  - Moya/RxSwift (12.0.1):
    - Moya/Core
    - RxSwift (~> 4.0)
  - PromiseKit (4.5.2):
    - PromiseKit/Foundation (= 4.5.2)
    - PromiseKit/QuartzCore (= 4.5.2)
    - PromiseKit/UIKit (= 4.5.2)
  - PromiseKit/Alamofire (4.5.2):
    - Alamofire (~> 4.0)
    - PromiseKit/CorePromise
  - PromiseKit/CorePromise (4.5.2)
  - PromiseKit/Foundation (4.5.2):
    - PromiseKit/CorePromise
  - PromiseKit/QuartzCore (4.5.2):
    - PromiseKit/CorePromise
  - PromiseKit/UIKit (4.5.2):
    - PromiseKit/CorePromise
  - Realm (3.12.0):
    - Realm/Headers (= 3.12.0)
  - Realm/Headers (3.12.0)
  - RealmSwift (3.12.0):
    - Realm (= 3.12.0)
  - Result (4.0.0)
  - RxAtomic (4.4.0)
  - RxCocoa (4.4.0):
    - RxSwift (~> 4.0)
  - RxSwift (4.4.0):
    - RxAtomic (~> 4.4)
  - SDWebImage (4.4.2):
    - SDWebImage/Core (= 4.4.2)
  - SDWebImage/Core (4.4.2)
  - SnapKit (4.0.1)
  - SVProgressHUD (2.2.5)
  - SwiftLocation (3.2.3):
    - SwiftyJSON (~> 4.0.0-alpha.1)
  - SwiftyJSON (4.0.0)
  - TableViewDragger (1.3.0)
  - YCRateView (1.1.9)

DEPENDENCIES:
  - AlignedCollectionViewFlowLayout
  - CameraManager (~> 4.2)
  - CountryAndCity
  - Crashlytics
  - Fabric
  - HTTPStatusCodes (~> 3.1.1)
  - iCarousel
  - IQKeyboardManagerSwift
  - Kingfisher (~> 4.8.0)
  - Moya/RxSwift
  - PromiseKit (~> 4.0)
  - PromiseKit/Alamofire (~> 4.0)
  - RealmSwift
  - RxCocoa
  - RxSwift
  - SDWebImage (~> 4.0)
  - SnapKit (~> 4.0.0)
  - SVProgressHUD
  - SwiftLocation (~> 3.2.3)
  - TableViewDragger
  - YCRateView

SPEC CHECKSUMS:
  Alamofire: 3ec537f71edc9804815215393ae2b1a8ea33a844
  AlignedCollectionViewFlowLayout: ee2ef451e741ec08f8e0967d828001e2f051c20a
  CameraManager: 607b60ad5c84bfa481ebf82eb4cd77a8d1f0bc39
  CountryAndCity: 9456fa93940a58ca261bef96bed3c4aece4f9de1
  Crashlytics: 07fb167b1694128c1c9a5a5cc319b0e9c3ca0933
  Fabric: f988e33c97f08930a413e08123064d2e5f68d655
  HTTPStatusCodes: 88155ba36826366a898a7b4f34d311f49083d546
  iCarousel: d782f635afac190c49bb8ee455882284cff8b85f
  IQKeyboardManagerSwift: b07ccf9d8cafe993dcd6cb794eb4ba34611a0c4e
  Kingfisher: 868c1149679a7ab6869be118faa9b5aed154aaf0
  Moya: cf730b3cd9e005401ef37a85143aa141a12fd38f
  PromiseKit: 743e497a5f505a470d3bbbf4ce0663c1268af0a4
  Realm: cdaef23c4ddb36ab1ddffed23f5a7f3332fc5585
  RealmSwift: 5576324033f0aa5ef1e0a839a3da2281dff47a7f
  Result: 7645bb3f50c2ce726dd0ff2fa7b6f42bbe6c3713
  RxAtomic: eacf60db868c96bfd63320e28619fe29c179656f
  RxCocoa: df63ebf7b9a70d6b4eeea407ed5dd4efc8979749
  RxSwift: 5976ecd04fc2fefd648827c23de5e11157faa973
  SDWebImage: 624d6e296c69b244bcede364c72ae0430ac14681
  SnapKit: 0de968a9fec17499afa29683b05d0c775b6d1c29
  SVProgressHUD: 1428aafac632c1f86f62aa4243ec12008d7a51d6
  SwiftLocation: a3c3bc2023118171ef3572188a31def94aa0892c
  SwiftyJSON: 070dabdcb1beb81b247c65ffa3a79dbbfb3b48aa
  TableViewDragger: 5933729a18d1606e16388d72f6d4fe5f3a0bcaf4
  YCRateView: 2d9d6b151616d5186dc253681b76fb7ef76e2840

PODFILE CHECKSUM: 3287f6d48c75a39cd7f30905a0a408f9acfecf6a

COCOAPODS: 1.4.0
