// !$*UTF8*$!
{
	archiveVersion = 1;
	classes = {
	};
	objectVersion = 50;
	objects = {

/* Begin PBXBuildFile section */
		648842FA21CDD95A00B7510C /* RLMQueue.swift in Sources */ = {isa = PBXBuildFile; fileRef = 648842F921CDD95A00B7510C /* RLMQueue.swift */; };
		648842FC21CDD9B700B7510C /* RLMServiceV4+Queue.swift in Sources */ = {isa = PBXBuildFile; fileRef = 648842FB21CDD9B700B7510C /* RLMServiceV4+Queue.swift */; };
		6488430221DE0F5400B7510C /* AutoLogin.swift in Sources */ = {isa = PBXBuildFile; fileRef = 6488430121DE0F5400B7510C /* AutoLogin.swift */; };
		64D8363321C8F01A003E5ACC /* SyncService.swift in Sources */ = {isa = PBXBuildFile; fileRef = 64D8363121C8F01A003E5ACC /* SyncService.swift */; };
		64D8363421C8F01A003E5ACC /* Uploadable.swift in Sources */ = {isa = PBXBuildFile; fileRef = 64D8363221C8F01A003E5ACC /* Uploadable.swift */; };
		72061D6621AE8A940098FFFD /* AppDelegate.swift in Sources */ = {isa = PBXBuildFile; fileRef = 72061D6521AE8A940098FFFD /* AppDelegate.swift */; };
		72061D6821AE8A950098FFFD /* ViewController.swift in Sources */ = {isa = PBXBuildFile; fileRef = 72061D6721AE8A950098FFFD /* ViewController.swift */; };
		72061D6B21AE8A950098FFFD /* Main.storyboard in Resources */ = {isa = PBXBuildFile; fileRef = 72061D6921AE8A950098FFFD /* Main.storyboard */; };
		72061D6D21AE8A950098FFFD /* Assets.xcassets in Resources */ = {isa = PBXBuildFile; fileRef = 72061D6C21AE8A950098FFFD /* Assets.xcassets */; };
		72061D7021AE8A950098FFFD /* LaunchScreen.storyboard in Resources */ = {isa = PBXBuildFile; fileRef = 72061D6E21AE8A950098FFFD /* LaunchScreen.storyboard */; };
		72061D7B21AE8D870098FFFD /* V4ReviewVC.swift in Sources */ = {isa = PBXBuildFile; fileRef = 72061D7A21AE8D870098FFFD /* V4ReviewVC.swift */; };
		72061D7E21AE8E130098FFFD /* FlowedViewController.swift in Sources */ = {isa = PBXBuildFile; fileRef = 72061D7D21AE8E130098FFFD /* FlowedViewController.swift */; };
		72061D8221AE96350098FFFD /* V4Review.storyboard in Resources */ = {isa = PBXBuildFile; fileRef = 72061D8121AE96350098FFFD /* V4Review.storyboard */; };
		72061D8621AFDD090098FFFD /* V4ReviewVM.swift in Sources */ = {isa = PBXBuildFile; fileRef = 72061D8521AFDD090098FFFD /* V4ReviewVM.swift */; };
		72061D9221AFDF080098FFFD /* RLMDishV4.swift in Sources */ = {isa = PBXBuildFile; fileRef = 72061D8821AFDF080098FFFD /* RLMDishV4.swift */; };
		72061D9321AFDF080098FFFD /* RLMImageV4.swift in Sources */ = {isa = PBXBuildFile; fileRef = 72061D8921AFDF080098FFFD /* RLMImageV4.swift */; };
		72061D9421AFDF080098FFFD /* RLMRestReviewV4.swift in Sources */ = {isa = PBXBuildFile; fileRef = 72061D8A21AFDF080098FFFD /* RLMRestReviewV4.swift */; };
		72061D9521AFDF080098FFFD /* KVORestReviewV4.swift in Sources */ = {isa = PBXBuildFile; fileRef = 72061D8B21AFDF080098FFFD /* KVORestReviewV4.swift */; };
		72061D9621AFDF080098FFFD /* KVOImageV4.swift in Sources */ = {isa = PBXBuildFile; fileRef = 72061D8C21AFDF080098FFFD /* KVOImageV4.swift */; };
		72061D9721AFDF080098FFFD /* KVORestaurantV4.swift in Sources */ = {isa = PBXBuildFile; fileRef = 72061D8D21AFDF080098FFFD /* KVORestaurantV4.swift */; };
		72061D9821AFDF080098FFFD /* RLMRestaurantV4.swift in Sources */ = {isa = PBXBuildFile; fileRef = 72061D8E21AFDF080098FFFD /* RLMRestaurantV4.swift */; };
		72061D9921AFDF080098FFFD /* KVODishV4.swift in Sources */ = {isa = PBXBuildFile; fileRef = 72061D8F21AFDF080098FFFD /* KVODishV4.swift */; };
		72061D9A21AFDF080098FFFD /* KVODishReviewV4.swift in Sources */ = {isa = PBXBuildFile; fileRef = 72061D9021AFDF080098FFFD /* KVODishReviewV4.swift */; };
		72061D9B21AFDF080098FFFD /* RLMDishReviewV4.swift in Sources */ = {isa = PBXBuildFile; fileRef = 72061D9121AFDF080098FFFD /* RLMDishReviewV4.swift */; };
		72061DAA21AFE0DA0098FFFD /* ImageObserve.swift in Sources */ = {isa = PBXBuildFile; fileRef = 72061D9E21AFE0DA0098FFFD /* ImageObserve.swift */; };
		72061DAB21AFE0DA0098FFFD /* DishReviewObserve.swift in Sources */ = {isa = PBXBuildFile; fileRef = 72061D9F21AFE0DA0098FFFD /* DishReviewObserve.swift */; };
		72061DAC21AFE0DA0098FFFD /* DishObserve.swift in Sources */ = {isa = PBXBuildFile; fileRef = 72061DA021AFE0DA0098FFFD /* DishObserve.swift */; };
		72061DAD21AFE0DA0098FFFD /* RestReviewObserve.swift in Sources */ = {isa = PBXBuildFile; fileRef = 72061DA121AFE0DA0098FFFD /* RestReviewObserve.swift */; };
		72061DAE21AFE0DA0098FFFD /* RestaurantObserve.swift in Sources */ = {isa = PBXBuildFile; fileRef = 72061DA221AFE0DA0098FFFD /* RestaurantObserve.swift */; };
		72061DAF21AFE0DA0098FFFD /* RLMCustomProtocol.swift in Sources */ = {isa = PBXBuildFile; fileRef = 72061DA321AFE0DA0098FFFD /* RLMCustomProtocol.swift */; };
		72061DB021AFE0DA0098FFFD /* RLMServiceV4+DishReview.swift in Sources */ = {isa = PBXBuildFile; fileRef = 72061DA521AFE0DA0098FFFD /* RLMServiceV4+DishReview.swift */; };
		72061DB121AFE0DA0098FFFD /* RLMServiceV4.swift in Sources */ = {isa = PBXBuildFile; fileRef = 72061DA621AFE0DA0098FFFD /* RLMServiceV4.swift */; };
		72061DB221AFE0DA0098FFFD /* RLMServiceV4+Dish.swift in Sources */ = {isa = PBXBuildFile; fileRef = 72061DA721AFE0DA0098FFFD /* RLMServiceV4+Dish.swift */; };
		72061DB321AFE0DA0098FFFD /* RLMServiceV4+Image.swift in Sources */ = {isa = PBXBuildFile; fileRef = 72061DA821AFE0DA0098FFFD /* RLMServiceV4+Image.swift */; };
		72061DB421AFE0DA0098FFFD /* RLMServiceV4+Restaurant.swift in Sources */ = {isa = PBXBuildFile; fileRef = 72061DA921AFE0DA0098FFFD /* RLMServiceV4+Restaurant.swift */; };
		7219795721D361B200FD6435 /* V4Review_RestaurantNameCell.xib in Resources */ = {isa = PBXBuildFile; fileRef = 7219795621D361B200FD6435 /* V4Review_RestaurantNameCell.xib */; };
		7219795921D3665B00FD6435 /* V4Review_DiningTimeCell.xib in Resources */ = {isa = PBXBuildFile; fileRef = 7219795821D3665B00FD6435 /* V4Review_DiningTimeCell.xib */; };
		7219795B21D3667100FD6435 /* V4Review_ReviewTitleCell.xib in Resources */ = {isa = PBXBuildFile; fileRef = 7219795A21D3667100FD6435 /* V4Review_ReviewTitleCell.xib */; };
		7219795D21D3667B00FD6435 /* V4Review_DishReviewHeaderCell.xib in Resources */ = {isa = PBXBuildFile; fileRef = 7219795C21D3667B00FD6435 /* V4Review_DishReviewHeaderCell.xib */; };
		7219795F21D3668700FD6435 /* V4Review_DishReviewCell.xib in Resources */ = {isa = PBXBuildFile; fileRef = 7219795E21D3668700FD6435 /* V4Review_DishReviewCell.xib */; };
		7219796121D3669100FD6435 /* V4Review_RestaurantRatingCell.xib in Resources */ = {isa = PBXBuildFile; fileRef = 7219796021D3669100FD6435 /* V4Review_RestaurantRatingCell.xib */; };
		7219796321D367C700FD6435 /* V4Review_DeleteCell.xib in Resources */ = {isa = PBXBuildFile; fileRef = 7219796221D367C700FD6435 /* V4Review_DeleteCell.xib */; };
		7219796821D373B500FD6435 /* V4Share.storyboard in Resources */ = {isa = PBXBuildFile; fileRef = 7219796721D373B500FD6435 /* V4Share.storyboard */; };
		7219796A21D3747100FD6435 /* V4ShareVC.swift in Sources */ = {isa = PBXBuildFile; fileRef = 7219796921D3747100FD6435 /* V4ShareVC.swift */; };
		7219796C21D3796D00FD6435 /* V4ShareVM.swift in Sources */ = {isa = PBXBuildFile; fileRef = 7219796B21D3796D00FD6435 /* V4ShareVM.swift */; };
		7219796F21D4776B00FD6435 /* V4ShareFlowController.swift in Sources */ = {isa = PBXBuildFile; fileRef = 7219796E21D4776B00FD6435 /* V4ShareFlowController.swift */; };
		723B1F7B21B4CFD400CF91F3 /* FlowController.swift in Sources */ = {isa = PBXBuildFile; fileRef = 723B1F7A21B4CFD400CF91F3 /* FlowController.swift */; };
		723B1F7D21B4D03A00CF91F3 /* Flow.swift in Sources */ = {isa = PBXBuildFile; fileRef = 723B1F7C21B4D03A00CF91F3 /* Flow.swift */; };
		723B1F7F21B4D1A200CF91F3 /* ViewBasedFlowController.swift in Sources */ = {isa = PBXBuildFile; fileRef = 723B1F7E21B4D1A200CF91F3 /* ViewBasedFlowController.swift */; };
		723B1F8221B4D23500CF91F3 /* V4ReviewFlowController.swift in Sources */ = {isa = PBXBuildFile; fileRef = 723B1F8121B4D23500CF91F3 /* V4ReviewFlowController.swift */; };
		723B1F8421B4D3AA00CF91F3 /* DisplayContext.swift in Sources */ = {isa = PBXBuildFile; fileRef = 723B1F8321B4D3AA00CF91F3 /* DisplayContext.swift */; };
		723B1F8621B4E30700CF91F3 /* V4ReviewFlows-WriteBegin.swift in Sources */ = {isa = PBXBuildFile; fileRef = 723B1F8521B4E30700CF91F3 /* V4ReviewFlows-WriteBegin.swift */; };
		723B1F8821B4E36A00CF91F3 /* V4ReviewFlows-Base.swift in Sources */ = {isa = PBXBuildFile; fileRef = 723B1F8721B4E36A00CF91F3 /* V4ReviewFlows-Base.swift */; };
		723B1F8A21B4E51A00CF91F3 /* V4ReviewFlows-CheckLastUnsaved.swift in Sources */ = {isa = PBXBuildFile; fileRef = 723B1F8921B4E51A00CF91F3 /* V4ReviewFlows-CheckLastUnsaved.swift */; };
		723B1F8C21B5081200CF91F3 /* V4ReviewFlows-AddNewPhoto.swift in Sources */ = {isa = PBXBuildFile; fileRef = 723B1F8B21B5081200CF91F3 /* V4ReviewFlows-AddNewPhoto.swift */; };
		723B1F8F21B50BD500CF91F3 /* V4PhotoPickerFlowController.swift in Sources */ = {isa = PBXBuildFile; fileRef = 723B1F8E21B50BD500CF91F3 /* V4PhotoPickerFlowController.swift */; };
		723B1F9321B5246300CF91F3 /* V4PhotoPickerVC.swift in Sources */ = {isa = PBXBuildFile; fileRef = 723B1F9221B5246300CF91F3 /* V4PhotoPickerVC.swift */; };
		723B1F9521B5278F00CF91F3 /* V4PhotoPicker.storyboard in Resources */ = {isa = PBXBuildFile; fileRef = 723B1F9421B5278F00CF91F3 /* V4PhotoPicker.storyboard */; };
		723B1F9721B532E900CF91F3 /* V4PhotoPickerModule.swift in Sources */ = {isa = PBXBuildFile; fileRef = 723B1F9621B532E900CF91F3 /* V4PhotoPickerModule.swift */; };
		723B1F9D21B65E7900CF91F3 /* V4ReviewVC+Cells.swift in Sources */ = {isa = PBXBuildFile; fileRef = 723B1F9C21B65E7900CF91F3 /* V4ReviewVC+Cells.swift */; };
		723E17F221D07B6700E50E25 /* V4PhotoService.swift in Sources */ = {isa = PBXBuildFile; fileRef = 723E17F121D07B6700E50E25 /* V4PhotoService.swift */; };
		7287025F21BF8B1F000E1116 /* V4RestaurantPickerFlowController.swift in Sources */ = {isa = PBXBuildFile; fileRef = 7287025E21BF8B1F000E1116 /* V4RestaurantPickerFlowController.swift */; };
		7287026221BF8FD9000E1116 /* V4RestaurantPickerVCTemp.swift in Sources */ = {isa = PBXBuildFile; fileRef = 7287026121BF8FD9000E1116 /* V4RestaurantPickerVCTemp.swift */; };
		7287026421BF8FF7000E1116 /* V4RestaurantPickerTemp.storyboard in Resources */ = {isa = PBXBuildFile; fileRef = 7287026321BF8FF7000E1116 /* V4RestaurantPickerTemp.storyboard */; };
		7287026821BFA4C7000E1116 /* Location.swift in Sources */ = {isa = PBXBuildFile; fileRef = 7287026721BFA4C7000E1116 /* Location.swift */; };
		7287027021BFB05A000E1116 /* NoteV3Camera.storyboard in Resources */ = {isa = PBXBuildFile; fileRef = 7287026A21BFB05A000E1116 /* NoteV3Camera.storyboard */; };
		7287027121BFB05A000E1116 /* NoteV3PhotoLibrarySelectionViewController.swift in Sources */ = {isa = PBXBuildFile; fileRef = 7287026B21BFB05A000E1116 /* NoteV3PhotoLibrarySelectionViewController.swift */; };
		7287027221BFB05A000E1116 /* NoteV3CameraViewController.swift in Sources */ = {isa = PBXBuildFile; fileRef = 7287026C21BFB05A000E1116 /* NoteV3CameraViewController.swift */; };
		7287027321BFB05A000E1116 /* NoteV3PhotoPickerViewController.swift in Sources */ = {isa = PBXBuildFile; fileRef = 7287026D21BFB05A000E1116 /* NoteV3PhotoPickerViewController.swift */; };
		7287027421BFB05A000E1116 /* NoteV3PhotoPicker.storyboard in Resources */ = {isa = PBXBuildFile; fileRef = 7287026E21BFB05A000E1116 /* NoteV3PhotoPicker.storyboard */; };
		7287027521BFB05A000E1116 /* NoteV3PhotoLibrarySelection.storyboard in Resources */ = {isa = PBXBuildFile; fileRef = 7287026F21BFB05A000E1116 /* NoteV3PhotoLibrarySelection.storyboard */; };
		7287027721BFB6EF000E1116 /* NewPhotoSelectionViewController.swift in Sources */ = {isa = PBXBuildFile; fileRef = 7287027621BFB6EE000E1116 /* NewPhotoSelectionViewController.swift */; };
		7287027921BFB734000E1116 /* PhotoSelectionViewController.swift in Sources */ = {isa = PBXBuildFile; fileRef = 7287027821BFB734000E1116 /* PhotoSelectionViewController.swift */; };
		7287027C21BFB8A4000E1116 /* UIViewController+Alert.swift in Sources */ = {isa = PBXBuildFile; fileRef = 7287027B21BFB8A4000E1116 /* UIViewController+Alert.swift */; };
		7287027E21BFB90E000E1116 /* UIAlertController+Extension.swift in Sources */ = {isa = PBXBuildFile; fileRef = 7287027D21BFB90E000E1116 /* UIAlertController+Extension.swift */; };
		7287028021BFB9FE000E1116 /* Date+Extension.swift in Sources */ = {isa = PBXBuildFile; fileRef = 7287027F21BFB9FE000E1116 /* Date+Extension.swift */; };
		7287028221C750F6000E1116 /* UIView+Extension.swift in Sources */ = {isa = PBXBuildFile; fileRef = 7287028121C750F6000E1116 /* UIView+Extension.swift */; };
		825146A2F2CB641CB8B874DA /* Pods_DesignFlower.framework in Frameworks */ = {isa = PBXBuildFile; fileRef = 402B7207DF98BCDB3C1868AF /* Pods_DesignFlower.framework */; };
		B0A0AF8921C107F5005BE7AB /* V4RestaurantPickerVC+Cells.swift in Sources */ = {isa = PBXBuildFile; fileRef = B0A0AF8621C107F5005BE7AB /* V4RestaurantPickerVC+Cells.swift */; };
		B0A0AF8A21C107F5005BE7AB /* V4RestaurantPicker.storyboard in Resources */ = {isa = PBXBuildFile; fileRef = B0A0AF8721C107F5005BE7AB /* V4RestaurantPicker.storyboard */; };
		B0A0AF8B21C107F5005BE7AB /* V4RestaurantPickerVC.swift in Sources */ = {isa = PBXBuildFile; fileRef = B0A0AF8821C107F5005BE7AB /* V4RestaurantPickerVC.swift */; };
		B0A0AF8E21C10EBE005BE7AB /* TipBar.swift in Sources */ = {isa = PBXBuildFile; fileRef = B0A0AF8D21C10EBE005BE7AB /* TipBar.swift */; };
		B0A0AF9221C10ED2005BE7AB /* LocationService+Message.swift in Sources */ = {isa = PBXBuildFile; fileRef = B0A0AF9021C10ED2005BE7AB /* LocationService+Message.swift */; };
		B0A0AF9321C10ED2005BE7AB /* LocationService.swift in Sources */ = {isa = PBXBuildFile; fileRef = B0A0AF9121C10ED2005BE7AB /* LocationService.swift */; };
		B0A0AF9721C11095005BE7AB /* CustomSearchController.swift in Sources */ = {isa = PBXBuildFile; fileRef = B0A0AF9521C11095005BE7AB /* CustomSearchController.swift */; };
		B0A0AF9821C11095005BE7AB /* CustomSearchBar.swift in Sources */ = {isa = PBXBuildFile; fileRef = B0A0AF9621C11095005BE7AB /* CustomSearchBar.swift */; };
		B0A0AF9A21C110DA005BE7AB /* TextField+Extension.swift in Sources */ = {isa = PBXBuildFile; fileRef = B0A0AF9921C110DA005BE7AB /* TextField+Extension.swift */; };
		B0A0AF9C21C11147005BE7AB /* UIImage+Extension.swift in Sources */ = {isa = PBXBuildFile; fileRef = B0A0AF9B21C11147005BE7AB /* UIImage+Extension.swift */; };
		B0A0AF9E21C13972005BE7AB /* Restaurant.swift in Sources */ = {isa = PBXBuildFile; fileRef = B0A0AF9D21C13972005BE7AB /* Restaurant.swift */; };
		B0A0AFA021C139BA005BE7AB /* CityModel.swift in Sources */ = {isa = PBXBuildFile; fileRef = B0A0AF9F21C139BA005BE7AB /* CityModel.swift */; };
		B0A0AFA221C13A47005BE7AB /* DishRankColor.swift in Sources */ = {isa = PBXBuildFile; fileRef = B0A0AFA121C13A47005BE7AB /* DishRankColor.swift */; };
		B0A0AFA421C13AD3005BE7AB /* UIColor+Extension.swift in Sources */ = {isa = PBXBuildFile; fileRef = B0A0AFA321C13AD3005BE7AB /* UIColor+Extension.swift */; };
		B0A0AFA921C13BC2005BE7AB /* AddRestaurantVM.swift in Sources */ = {isa = PBXBuildFile; fileRef = B0A0AFA621C13BC2005BE7AB /* AddRestaurantVM.swift */; };
		B0A0AFAA21C13BC2005BE7AB /* AddRestaurantVC.swift in Sources */ = {isa = PBXBuildFile; fileRef = B0A0AFA721C13BC2005BE7AB /* AddRestaurantVC.swift */; };
		B0A0AFAB21C13BC2005BE7AB /* AddRestaurant.storyboard in Resources */ = {isa = PBXBuildFile; fileRef = B0A0AFA821C13BC2005BE7AB /* AddRestaurant.storyboard */; };
		B0A0AFAD21C15AE5005BE7AB /* Array+Extension.swift in Sources */ = {isa = PBXBuildFile; fileRef = B0A0AFAC21C15AE5005BE7AB /* Array+Extension.swift */; };
		B0A0AFB021C162CB005BE7AB /* OpenHour.swift in Sources */ = {isa = PBXBuildFile; fileRef = B0A0AFAE21C162CB005BE7AB /* OpenHour.swift */; };
		B0A0AFB121C162CB005BE7AB /* Media.swift in Sources */ = {isa = PBXBuildFile; fileRef = B0A0AFAF21C162CB005BE7AB /* Media.swift */; };
		B0A0AFB421C16305005BE7AB /* Dish.swift in Sources */ = {isa = PBXBuildFile; fileRef = B0A0AFB221C16305005BE7AB /* Dish.swift */; };
/* End PBXBuildFile section */

/* Begin PBXFileReference section */
		402B7207DF98BCDB3C1868AF /* Pods_DesignFlower.framework */ = {isa = PBXFileReference; explicitFileType = wrapper.framework; includeInIndex = 0; path = Pods_DesignFlower.framework; sourceTree = BUILT_PRODUCTS_DIR; };
		4557ABFD1D8B0ED822560300 /* Pods-DesignFlower.release.xcconfig */ = {isa = PBXFileReference; includeInIndex = 1; lastKnownFileType = text.xcconfig; name = "Pods-DesignFlower.release.xcconfig"; path = "Pods/Target Support Files/Pods-DesignFlower/Pods-DesignFlower.release.xcconfig"; sourceTree = "<group>"; };
		648842F921CDD95A00B7510C /* RLMQueue.swift */ = {isa = PBXFileReference; lastKnownFileType = sourcecode.swift; path = RLMQueue.swift; sourceTree = "<group>"; };
		648842FB21CDD9B700B7510C /* RLMServiceV4+Queue.swift */ = {isa = PBXFileReference; lastKnownFileType = sourcecode.swift; path = "RLMServiceV4+Queue.swift"; sourceTree = "<group>"; };
		6488430121DE0F5400B7510C /* AutoLogin.swift */ = {isa = PBXFileReference; lastKnownFileType = sourcecode.swift; path = AutoLogin.swift; sourceTree = "<group>"; };
		64D8363121C8F01A003E5ACC /* SyncService.swift */ = {isa = PBXFileReference; fileEncoding = 4; lastKnownFileType = sourcecode.swift; path = SyncService.swift; sourceTree = "<group>"; };
		64D8363221C8F01A003E5ACC /* Uploadable.swift */ = {isa = PBXFileReference; fileEncoding = 4; lastKnownFileType = sourcecode.swift; path = Uploadable.swift; sourceTree = "<group>"; };
		72061D6221AE8A940098FFFD /* DesignFlower.app */ = {isa = PBXFileReference; explicitFileType = wrapper.application; includeInIndex = 0; path = DesignFlower.app; sourceTree = BUILT_PRODUCTS_DIR; };
		72061D6521AE8A940098FFFD /* AppDelegate.swift */ = {isa = PBXFileReference; lastKnownFileType = sourcecode.swift; path = AppDelegate.swift; sourceTree = "<group>"; };
		72061D6721AE8A950098FFFD /* ViewController.swift */ = {isa = PBXFileReference; lastKnownFileType = sourcecode.swift; path = ViewController.swift; sourceTree = "<group>"; };
		72061D6A21AE8A950098FFFD /* Base */ = {isa = PBXFileReference; lastKnownFileType = file.storyboard; name = Base; path = Base.lproj/Main.storyboard; sourceTree = "<group>"; };
		72061D6C21AE8A950098FFFD /* Assets.xcassets */ = {isa = PBXFileReference; lastKnownFileType = folder.assetcatalog; path = Assets.xcassets; sourceTree = "<group>"; };
		72061D6F21AE8A950098FFFD /* Base */ = {isa = PBXFileReference; lastKnownFileType = file.storyboard; name = Base; path = Base.lproj/LaunchScreen.storyboard; sourceTree = "<group>"; };
		72061D7121AE8A950098FFFD /* Info.plist */ = {isa = PBXFileReference; lastKnownFileType = text.plist.xml; path = Info.plist; sourceTree = "<group>"; };
		72061D7A21AE8D870098FFFD /* V4ReviewVC.swift */ = {isa = PBXFileReference; lastKnownFileType = sourcecode.swift; path = V4ReviewVC.swift; sourceTree = "<group>"; };
		72061D7D21AE8E130098FFFD /* FlowedViewController.swift */ = {isa = PBXFileReference; lastKnownFileType = sourcecode.swift; path = FlowedViewController.swift; sourceTree = "<group>"; };
		72061D8121AE96350098FFFD /* V4Review.storyboard */ = {isa = PBXFileReference; lastKnownFileType = file.storyboard; path = V4Review.storyboard; sourceTree = "<group>"; };
		72061D8521AFDD090098FFFD /* V4ReviewVM.swift */ = {isa = PBXFileReference; lastKnownFileType = sourcecode.swift; path = V4ReviewVM.swift; sourceTree = "<group>"; };
		72061D8821AFDF080098FFFD /* RLMDishV4.swift */ = {isa = PBXFileReference; fileEncoding = 4; lastKnownFileType = sourcecode.swift; path = RLMDishV4.swift; sourceTree = "<group>"; };
		72061D8921AFDF080098FFFD /* RLMImageV4.swift */ = {isa = PBXFileReference; fileEncoding = 4; lastKnownFileType = sourcecode.swift; path = RLMImageV4.swift; sourceTree = "<group>"; };
		72061D8A21AFDF080098FFFD /* RLMRestReviewV4.swift */ = {isa = PBXFileReference; fileEncoding = 4; lastKnownFileType = sourcecode.swift; path = RLMRestReviewV4.swift; sourceTree = "<group>"; };
		72061D8B21AFDF080098FFFD /* KVORestReviewV4.swift */ = {isa = PBXFileReference; fileEncoding = 4; lastKnownFileType = sourcecode.swift; path = KVORestReviewV4.swift; sourceTree = "<group>"; };
		72061D8C21AFDF080098FFFD /* KVOImageV4.swift */ = {isa = PBXFileReference; fileEncoding = 4; lastKnownFileType = sourcecode.swift; path = KVOImageV4.swift; sourceTree = "<group>"; };
		72061D8D21AFDF080098FFFD /* KVORestaurantV4.swift */ = {isa = PBXFileReference; fileEncoding = 4; lastKnownFileType = sourcecode.swift; path = KVORestaurantV4.swift; sourceTree = "<group>"; };
		72061D8E21AFDF080098FFFD /* RLMRestaurantV4.swift */ = {isa = PBXFileReference; fileEncoding = 4; lastKnownFileType = sourcecode.swift; path = RLMRestaurantV4.swift; sourceTree = "<group>"; };
		72061D8F21AFDF080098FFFD /* KVODishV4.swift */ = {isa = PBXFileReference; fileEncoding = 4; lastKnownFileType = sourcecode.swift; path = KVODishV4.swift; sourceTree = "<group>"; };
		72061D9021AFDF080098FFFD /* KVODishReviewV4.swift */ = {isa = PBXFileReference; fileEncoding = 4; lastKnownFileType = sourcecode.swift; path = KVODishReviewV4.swift; sourceTree = "<group>"; };
		72061D9121AFDF080098FFFD /* RLMDishReviewV4.swift */ = {isa = PBXFileReference; fileEncoding = 4; lastKnownFileType = sourcecode.swift; path = RLMDishReviewV4.swift; sourceTree = "<group>"; };
		72061D9E21AFE0DA0098FFFD /* ImageObserve.swift */ = {isa = PBXFileReference; fileEncoding = 4; lastKnownFileType = sourcecode.swift; path = ImageObserve.swift; sourceTree = "<group>"; };
		72061D9F21AFE0DA0098FFFD /* DishReviewObserve.swift */ = {isa = PBXFileReference; fileEncoding = 4; lastKnownFileType = sourcecode.swift; path = DishReviewObserve.swift; sourceTree = "<group>"; };
		72061DA021AFE0DA0098FFFD /* DishObserve.swift */ = {isa = PBXFileReference; fileEncoding = 4; lastKnownFileType = sourcecode.swift; path = DishObserve.swift; sourceTree = "<group>"; };
		72061DA121AFE0DA0098FFFD /* RestReviewObserve.swift */ = {isa = PBXFileReference; fileEncoding = 4; lastKnownFileType = sourcecode.swift; path = RestReviewObserve.swift; sourceTree = "<group>"; };
		72061DA221AFE0DA0098FFFD /* RestaurantObserve.swift */ = {isa = PBXFileReference; fileEncoding = 4; lastKnownFileType = sourcecode.swift; path = RestaurantObserve.swift; sourceTree = "<group>"; };
		72061DA321AFE0DA0098FFFD /* RLMCustomProtocol.swift */ = {isa = PBXFileReference; fileEncoding = 4; lastKnownFileType = sourcecode.swift; path = RLMCustomProtocol.swift; sourceTree = "<group>"; };
		72061DA521AFE0DA0098FFFD /* RLMServiceV4+DishReview.swift */ = {isa = PBXFileReference; fileEncoding = 4; lastKnownFileType = sourcecode.swift; path = "RLMServiceV4+DishReview.swift"; sourceTree = "<group>"; };
		72061DA621AFE0DA0098FFFD /* RLMServiceV4.swift */ = {isa = PBXFileReference; fileEncoding = 4; lastKnownFileType = sourcecode.swift; path = RLMServiceV4.swift; sourceTree = "<group>"; };
		72061DA721AFE0DA0098FFFD /* RLMServiceV4+Dish.swift */ = {isa = PBXFileReference; fileEncoding = 4; lastKnownFileType = sourcecode.swift; path = "RLMServiceV4+Dish.swift"; sourceTree = "<group>"; };
		72061DA821AFE0DA0098FFFD /* RLMServiceV4+Image.swift */ = {isa = PBXFileReference; fileEncoding = 4; lastKnownFileType = sourcecode.swift; path = "RLMServiceV4+Image.swift"; sourceTree = "<group>"; };
		72061DA921AFE0DA0098FFFD /* RLMServiceV4+Restaurant.swift */ = {isa = PBXFileReference; fileEncoding = 4; lastKnownFileType = sourcecode.swift; path = "RLMServiceV4+Restaurant.swift"; sourceTree = "<group>"; };
		7219795621D361B200FD6435 /* V4Review_RestaurantNameCell.xib */ = {isa = PBXFileReference; lastKnownFileType = file.xib; path = V4Review_RestaurantNameCell.xib; sourceTree = "<group>"; };
		7219795821D3665B00FD6435 /* V4Review_DiningTimeCell.xib */ = {isa = PBXFileReference; lastKnownFileType = file.xib; path = V4Review_DiningTimeCell.xib; sourceTree = "<group>"; };
		7219795A21D3667100FD6435 /* V4Review_ReviewTitleCell.xib */ = {isa = PBXFileReference; lastKnownFileType = file.xib; path = V4Review_ReviewTitleCell.xib; sourceTree = "<group>"; };
		7219795C21D3667B00FD6435 /* V4Review_DishReviewHeaderCell.xib */ = {isa = PBXFileReference; lastKnownFileType = file.xib; path = V4Review_DishReviewHeaderCell.xib; sourceTree = "<group>"; };
		7219795E21D3668700FD6435 /* V4Review_DishReviewCell.xib */ = {isa = PBXFileReference; lastKnownFileType = file.xib; path = V4Review_DishReviewCell.xib; sourceTree = "<group>"; };
		7219796021D3669100FD6435 /* V4Review_RestaurantRatingCell.xib */ = {isa = PBXFileReference; lastKnownFileType = file.xib; path = V4Review_RestaurantRatingCell.xib; sourceTree = "<group>"; };
		7219796221D367C700FD6435 /* V4Review_DeleteCell.xib */ = {isa = PBXFileReference; lastKnownFileType = file.xib; path = V4Review_DeleteCell.xib; sourceTree = "<group>"; };
		7219796721D373B500FD6435 /* V4Share.storyboard */ = {isa = PBXFileReference; lastKnownFileType = file.storyboard; path = V4Share.storyboard; sourceTree = "<group>"; };
		7219796921D3747100FD6435 /* V4ShareVC.swift */ = {isa = PBXFileReference; lastKnownFileType = sourcecode.swift; path = V4ShareVC.swift; sourceTree = "<group>"; };
		7219796B21D3796D00FD6435 /* V4ShareVM.swift */ = {isa = PBXFileReference; lastKnownFileType = sourcecode.swift; path = V4ShareVM.swift; sourceTree = "<group>"; };
		7219796E21D4776B00FD6435 /* V4ShareFlowController.swift */ = {isa = PBXFileReference; lastKnownFileType = sourcecode.swift; path = V4ShareFlowController.swift; sourceTree = "<group>"; };
		723B1F7A21B4CFD400CF91F3 /* FlowController.swift */ = {isa = PBXFileReference; lastKnownFileType = sourcecode.swift; path = FlowController.swift; sourceTree = "<group>"; };
		723B1F7C21B4D03A00CF91F3 /* Flow.swift */ = {isa = PBXFileReference; lastKnownFileType = sourcecode.swift; path = Flow.swift; sourceTree = "<group>"; };
		723B1F7E21B4D1A200CF91F3 /* ViewBasedFlowController.swift */ = {isa = PBXFileReference; lastKnownFileType = sourcecode.swift; path = ViewBasedFlowController.swift; sourceTree = "<group>"; };
		723B1F8121B4D23500CF91F3 /* V4ReviewFlowController.swift */ = {isa = PBXFileReference; lastKnownFileType = sourcecode.swift; path = V4ReviewFlowController.swift; sourceTree = "<group>"; };
		723B1F8321B4D3AA00CF91F3 /* DisplayContext.swift */ = {isa = PBXFileReference; lastKnownFileType = sourcecode.swift; path = DisplayContext.swift; sourceTree = "<group>"; };
		723B1F8521B4E30700CF91F3 /* V4ReviewFlows-WriteBegin.swift */ = {isa = PBXFileReference; lastKnownFileType = sourcecode.swift; path = "V4ReviewFlows-WriteBegin.swift"; sourceTree = "<group>"; };
		723B1F8721B4E36A00CF91F3 /* V4ReviewFlows-Base.swift */ = {isa = PBXFileReference; lastKnownFileType = sourcecode.swift; path = "V4ReviewFlows-Base.swift"; sourceTree = "<group>"; };
		723B1F8921B4E51A00CF91F3 /* V4ReviewFlows-CheckLastUnsaved.swift */ = {isa = PBXFileReference; lastKnownFileType = sourcecode.swift; path = "V4ReviewFlows-CheckLastUnsaved.swift"; sourceTree = "<group>"; };
		723B1F8B21B5081200CF91F3 /* V4ReviewFlows-AddNewPhoto.swift */ = {isa = PBXFileReference; lastKnownFileType = sourcecode.swift; path = "V4ReviewFlows-AddNewPhoto.swift"; sourceTree = "<group>"; };
		723B1F8E21B50BD500CF91F3 /* V4PhotoPickerFlowController.swift */ = {isa = PBXFileReference; lastKnownFileType = sourcecode.swift; path = V4PhotoPickerFlowController.swift; sourceTree = "<group>"; };
		723B1F9221B5246300CF91F3 /* V4PhotoPickerVC.swift */ = {isa = PBXFileReference; lastKnownFileType = sourcecode.swift; path = V4PhotoPickerVC.swift; sourceTree = "<group>"; };
		723B1F9421B5278F00CF91F3 /* V4PhotoPicker.storyboard */ = {isa = PBXFileReference; lastKnownFileType = file.storyboard; path = V4PhotoPicker.storyboard; sourceTree = "<group>"; };
		723B1F9621B532E900CF91F3 /* V4PhotoPickerModule.swift */ = {isa = PBXFileReference; lastKnownFileType = sourcecode.swift; path = V4PhotoPickerModule.swift; sourceTree = "<group>"; };
		723B1F9C21B65E7900CF91F3 /* V4ReviewVC+Cells.swift */ = {isa = PBXFileReference; lastKnownFileType = sourcecode.swift; path = "V4ReviewVC+Cells.swift"; sourceTree = "<group>"; };
		723E17F121D07B6700E50E25 /* V4PhotoService.swift */ = {isa = PBXFileReference; lastKnownFileType = sourcecode.swift; path = V4PhotoService.swift; sourceTree = "<group>"; };
		7287025E21BF8B1F000E1116 /* V4RestaurantPickerFlowController.swift */ = {isa = PBXFileReference; lastKnownFileType = sourcecode.swift; path = V4RestaurantPickerFlowController.swift; sourceTree = "<group>"; };
		7287026121BF8FD9000E1116 /* V4RestaurantPickerVCTemp.swift */ = {isa = PBXFileReference; lastKnownFileType = sourcecode.swift; path = V4RestaurantPickerVCTemp.swift; sourceTree = "<group>"; };
		7287026321BF8FF7000E1116 /* V4RestaurantPickerTemp.storyboard */ = {isa = PBXFileReference; lastKnownFileType = file.storyboard; path = V4RestaurantPickerTemp.storyboard; sourceTree = "<group>"; };
		7287026721BFA4C7000E1116 /* Location.swift */ = {isa = PBXFileReference; lastKnownFileType = sourcecode.swift; path = Location.swift; sourceTree = "<group>"; };
		7287026A21BFB05A000E1116 /* NoteV3Camera.storyboard */ = {isa = PBXFileReference; fileEncoding = 4; lastKnownFileType = file.storyboard; path = NoteV3Camera.storyboard; sourceTree = "<group>"; };
		7287026B21BFB05A000E1116 /* NoteV3PhotoLibrarySelectionViewController.swift */ = {isa = PBXFileReference; fileEncoding = 4; lastKnownFileType = sourcecode.swift; path = NoteV3PhotoLibrarySelectionViewController.swift; sourceTree = "<group>"; };
		7287026C21BFB05A000E1116 /* NoteV3CameraViewController.swift */ = {isa = PBXFileReference; fileEncoding = 4; lastKnownFileType = sourcecode.swift; path = NoteV3CameraViewController.swift; sourceTree = "<group>"; };
		7287026D21BFB05A000E1116 /* NoteV3PhotoPickerViewController.swift */ = {isa = PBXFileReference; fileEncoding = 4; lastKnownFileType = sourcecode.swift; path = NoteV3PhotoPickerViewController.swift; sourceTree = "<group>"; };
		7287026E21BFB05A000E1116 /* NoteV3PhotoPicker.storyboard */ = {isa = PBXFileReference; fileEncoding = 4; lastKnownFileType = file.storyboard; path = NoteV3PhotoPicker.storyboard; sourceTree = "<group>"; };
		7287026F21BFB05A000E1116 /* NoteV3PhotoLibrarySelection.storyboard */ = {isa = PBXFileReference; fileEncoding = 4; lastKnownFileType = file.storyboard; path = NoteV3PhotoLibrarySelection.storyboard; sourceTree = "<group>"; };
		7287027621BFB6EE000E1116 /* NewPhotoSelectionViewController.swift */ = {isa = PBXFileReference; fileEncoding = 4; lastKnownFileType = sourcecode.swift; path = NewPhotoSelectionViewController.swift; sourceTree = "<group>"; };
		7287027821BFB734000E1116 /* PhotoSelectionViewController.swift */ = {isa = PBXFileReference; fileEncoding = 4; lastKnownFileType = sourcecode.swift; path = PhotoSelectionViewController.swift; sourceTree = "<group>"; };
		7287027B21BFB8A4000E1116 /* UIViewController+Alert.swift */ = {isa = PBXFileReference; fileEncoding = 4; lastKnownFileType = sourcecode.swift; path = "UIViewController+Alert.swift"; sourceTree = "<group>"; };
		7287027D21BFB90E000E1116 /* UIAlertController+Extension.swift */ = {isa = PBXFileReference; fileEncoding = 4; lastKnownFileType = sourcecode.swift; path = "UIAlertController+Extension.swift"; sourceTree = "<group>"; };
		7287027F21BFB9FE000E1116 /* Date+Extension.swift */ = {isa = PBXFileReference; fileEncoding = 4; lastKnownFileType = sourcecode.swift; path = "Date+Extension.swift"; sourceTree = "<group>"; };
		7287028121C750F6000E1116 /* UIView+Extension.swift */ = {isa = PBXFileReference; fileEncoding = 4; lastKnownFileType = sourcecode.swift; path = "UIView+Extension.swift"; sourceTree = "<group>"; };
		B0A0AF8621C107F5005BE7AB /* V4RestaurantPickerVC+Cells.swift */ = {isa = PBXFileReference; fileEncoding = 4; lastKnownFileType = sourcecode.swift; path = "V4RestaurantPickerVC+Cells.swift"; sourceTree = "<group>"; };
		B0A0AF8721C107F5005BE7AB /* V4RestaurantPicker.storyboard */ = {isa = PBXFileReference; fileEncoding = 4; lastKnownFileType = file.storyboard; path = V4RestaurantPicker.storyboard; sourceTree = "<group>"; };
		B0A0AF8821C107F5005BE7AB /* V4RestaurantPickerVC.swift */ = {isa = PBXFileReference; fileEncoding = 4; lastKnownFileType = sourcecode.swift; path = V4RestaurantPickerVC.swift; sourceTree = "<group>"; };
		B0A0AF8D21C10EBE005BE7AB /* TipBar.swift */ = {isa = PBXFileReference; fileEncoding = 4; lastKnownFileType = sourcecode.swift; path = TipBar.swift; sourceTree = "<group>"; };
		B0A0AF9021C10ED2005BE7AB /* LocationService+Message.swift */ = {isa = PBXFileReference; fileEncoding = 4; lastKnownFileType = sourcecode.swift; path = "LocationService+Message.swift"; sourceTree = "<group>"; };
		B0A0AF9121C10ED2005BE7AB /* LocationService.swift */ = {isa = PBXFileReference; fileEncoding = 4; lastKnownFileType = sourcecode.swift; path = LocationService.swift; sourceTree = "<group>"; };
		B0A0AF9521C11095005BE7AB /* CustomSearchController.swift */ = {isa = PBXFileReference; fileEncoding = 4; lastKnownFileType = sourcecode.swift; path = CustomSearchController.swift; sourceTree = "<group>"; };
		B0A0AF9621C11095005BE7AB /* CustomSearchBar.swift */ = {isa = PBXFileReference; fileEncoding = 4; lastKnownFileType = sourcecode.swift; path = CustomSearchBar.swift; sourceTree = "<group>"; };
		B0A0AF9921C110DA005BE7AB /* TextField+Extension.swift */ = {isa = PBXFileReference; fileEncoding = 4; lastKnownFileType = sourcecode.swift; path = "TextField+Extension.swift"; sourceTree = "<group>"; };
		B0A0AF9B21C11147005BE7AB /* UIImage+Extension.swift */ = {isa = PBXFileReference; fileEncoding = 4; lastKnownFileType = sourcecode.swift; path = "UIImage+Extension.swift"; sourceTree = "<group>"; };
		B0A0AF9D21C13972005BE7AB /* Restaurant.swift */ = {isa = PBXFileReference; fileEncoding = 4; lastKnownFileType = sourcecode.swift; path = Restaurant.swift; sourceTree = "<group>"; };
		B0A0AF9F21C139BA005BE7AB /* CityModel.swift */ = {isa = PBXFileReference; fileEncoding = 4; lastKnownFileType = sourcecode.swift; path = CityModel.swift; sourceTree = "<group>"; };
		B0A0AFA121C13A47005BE7AB /* DishRankColor.swift */ = {isa = PBXFileReference; fileEncoding = 4; lastKnownFileType = sourcecode.swift; path = DishRankColor.swift; sourceTree = "<group>"; };
		B0A0AFA321C13AD3005BE7AB /* UIColor+Extension.swift */ = {isa = PBXFileReference; fileEncoding = 4; lastKnownFileType = sourcecode.swift; path = "UIColor+Extension.swift"; sourceTree = "<group>"; };
		B0A0AFA621C13BC2005BE7AB /* AddRestaurantVM.swift */ = {isa = PBXFileReference; fileEncoding = 4; lastKnownFileType = sourcecode.swift; path = AddRestaurantVM.swift; sourceTree = "<group>"; };
		B0A0AFA721C13BC2005BE7AB /* AddRestaurantVC.swift */ = {isa = PBXFileReference; fileEncoding = 4; lastKnownFileType = sourcecode.swift; path = AddRestaurantVC.swift; sourceTree = "<group>"; };
		B0A0AFA821C13BC2005BE7AB /* AddRestaurant.storyboard */ = {isa = PBXFileReference; fileEncoding = 4; lastKnownFileType = file.storyboard; path = AddRestaurant.storyboard; sourceTree = "<group>"; };
		B0A0AFAC21C15AE5005BE7AB /* Array+Extension.swift */ = {isa = PBXFileReference; fileEncoding = 4; lastKnownFileType = sourcecode.swift; path = "Array+Extension.swift"; sourceTree = "<group>"; };
		B0A0AFAE21C162CB005BE7AB /* OpenHour.swift */ = {isa = PBXFileReference; fileEncoding = 4; lastKnownFileType = sourcecode.swift; path = OpenHour.swift; sourceTree = "<group>"; };
		B0A0AFAF21C162CB005BE7AB /* Media.swift */ = {isa = PBXFileReference; fileEncoding = 4; lastKnownFileType = sourcecode.swift; path = Media.swift; sourceTree = "<group>"; };
		B0A0AFB221C16305005BE7AB /* Dish.swift */ = {isa = PBXFileReference; fileEncoding = 4; lastKnownFileType = sourcecode.swift; path = Dish.swift; sourceTree = "<group>"; };
		C833031ED5861E5302BE059F /* Pods-DesignFlower.debug.xcconfig */ = {isa = PBXFileReference; includeInIndex = 1; lastKnownFileType = text.xcconfig; name = "Pods-DesignFlower.debug.xcconfig"; path = "Pods/Target Support Files/Pods-DesignFlower/Pods-DesignFlower.debug.xcconfig"; sourceTree = "<group>"; };
/* End PBXFileReference section */

/* Begin PBXFrameworksBuildPhase section */
		72061D5F21AE8A940098FFFD /* Frameworks */ = {
			isa = PBXFrameworksBuildPhase;
			buildActionMask = 2147483647;
			files = (
				825146A2F2CB641CB8B874DA /* Pods_DesignFlower.framework in Frameworks */,
			);
			runOnlyForDeploymentPostprocessing = 0;
		};
/* End PBXFrameworksBuildPhase section */

/* Begin PBXGroup section */
		54E92A8B74E10852C626B6E6 /* Frameworks */ = {
			isa = PBXGroup;
			children = (
				402B7207DF98BCDB3C1868AF /* Pods_DesignFlower.framework */,
			);
			name = Frameworks;
			sourceTree = "<group>";
		};
		64D8363021C8F01A003E5ACC /* SyncController */ = {
			isa = PBXGroup;
			children = (
				64D8363121C8F01A003E5ACC /* SyncService.swift */,
				64D8363221C8F01A003E5ACC /* Uploadable.swift */,
			);
			path = SyncController;
			sourceTree = "<group>";
		};
		72061D5921AE8A940098FFFD = {
			isa = PBXGroup;
			children = (
				72061D6421AE8A940098FFFD /* DesignFlower */,
				72061D6321AE8A940098FFFD /* Products */,
				D7052C4C933E4E5122EE0C41 /* Pods */,
				54E92A8B74E10852C626B6E6 /* Frameworks */,
			);
			sourceTree = "<group>";
		};
		72061D6321AE8A940098FFFD /* Products */ = {
			isa = PBXGroup;
			children = (
				72061D6221AE8A940098FFFD /* DesignFlower.app */,
			);
			name = Products;
			sourceTree = "<group>";
		};
		72061D6421AE8A940098FFFD /* DesignFlower */ = {
			isa = PBXGroup;
			children = (
				64D8363021C8F01A003E5ACC /* SyncController */,
				72061D7C21AE8DE90098FFFD /* (Core) */,
				B0A0AF8C21C10E5C005BE7AB /* (Services) */,
				72061D8721AFDF070098FFFD /* (Models) */,
				723B1F9921B53ADC00CF91F3 /* (FlowControllers) */,
				72061D7721AE8AAA0098FFFD /* (Modules) */,
				72061D6521AE8A940098FFFD /* AppDelegate.swift */,
				72061D6721AE8A950098FFFD /* ViewController.swift */,
				72061D6921AE8A950098FFFD /* Main.storyboard */,
				72061D6C21AE8A950098FFFD /* Assets.xcassets */,
				72061D6E21AE8A950098FFFD /* LaunchScreen.storyboard */,
				72061D7121AE8A950098FFFD /* Info.plist */,
				6488430121DE0F5400B7510C /* AutoLogin.swift */,
			);
			path = DesignFlower;
			sourceTree = "<group>";
		};
		72061D7721AE8AAA0098FFFD /* (Modules) */ = {
			isa = PBXGroup;
			children = (
				B0A0AFA521C13BC2005BE7AB /* AddRestaurant */,
				723B1F9821B53A1300CF91F3 /* Review */,
				7219796621D3727B00FD6435 /* Share */,
				7219796521D3724A00FD6435 /* SelectShareReview */,
				723B1F8D21B50BBC00CF91F3 /* PhotoPicker */,
				7287026021BF8FAE000E1116 /* RestaurantPicker */,
			);
			name = "(Modules)";
			path = Modules;
			sourceTree = "<group>";
		};
		72061D7C21AE8DE90098FFFD /* (Core) */ = {
			isa = PBXGroup;
			children = (
				7287027A21BFB8A4000E1116 /* Utility */,
				723B1F7C21B4D03A00CF91F3 /* Flow.swift */,
				723B1F7A21B4CFD400CF91F3 /* FlowController.swift */,
				723B1F7E21B4D1A200CF91F3 /* ViewBasedFlowController.swift */,
				72061D7D21AE8E130098FFFD /* FlowedViewController.swift */,
				723B1F8321B4D3AA00CF91F3 /* DisplayContext.swift */,
			);
			name = "(Core)";
			path = Core;
			sourceTree = "<group>";
		};
		72061D8721AFDF070098FFFD /* (Models) */ = {
			isa = PBXGroup;
			children = (
				B0A0AFB221C16305005BE7AB /* Dish.swift */,
				B0A0AFAF21C162CB005BE7AB /* Media.swift */,
				B0A0AFAE21C162CB005BE7AB /* OpenHour.swift */,
				B0A0AF9F21C139BA005BE7AB /* CityModel.swift */,
				B0A0AF9D21C13972005BE7AB /* Restaurant.swift */,
				72061D9C21AFE0DA0098FFFD /* Observe */,
				72061D8A21AFDF080098FFFD /* RLMRestReviewV4.swift */,
				648842F921CDD95A00B7510C /* RLMQueue.swift */,
				72061D9121AFDF080098FFFD /* RLMDishReviewV4.swift */,
				72061D8E21AFDF080098FFFD /* RLMRestaurantV4.swift */,
				72061D8921AFDF080098FFFD /* RLMImageV4.swift */,
				72061D8821AFDF080098FFFD /* RLMDishV4.swift */,
				72061D8B21AFDF080098FFFD /* KVORestReviewV4.swift */,
				72061D8C21AFDF080098FFFD /* KVOImageV4.swift */,
				72061D8D21AFDF080098FFFD /* KVORestaurantV4.swift */,
				72061D8F21AFDF080098FFFD /* KVODishV4.swift */,
				72061D9021AFDF080098FFFD /* KVODishReviewV4.swift */,
				7287026721BFA4C7000E1116 /* Location.swift */,
			);
			name = "(Models)";
			path = Model;
			sourceTree = "<group>";
		};
		72061D9C21AFE0DA0098FFFD /* Observe */ = {
			isa = PBXGroup;
			children = (
				72061D9D21AFE0DA0098FFFD /* RLMObserve */,
				72061DA321AFE0DA0098FFFD /* RLMCustomProtocol.swift */,
				72061DA421AFE0DA0098FFFD /* RLMServiceV4 */,
			);
			path = Observe;
			sourceTree = "<group>";
		};
		72061D9D21AFE0DA0098FFFD /* RLMObserve */ = {
			isa = PBXGroup;
			children = (
				72061D9E21AFE0DA0098FFFD /* ImageObserve.swift */,
				72061D9F21AFE0DA0098FFFD /* DishReviewObserve.swift */,
				72061DA021AFE0DA0098FFFD /* DishObserve.swift */,
				72061DA121AFE0DA0098FFFD /* RestReviewObserve.swift */,
				72061DA221AFE0DA0098FFFD /* RestaurantObserve.swift */,
			);
			path = RLMObserve;
			sourceTree = "<group>";
		};
		72061DA421AFE0DA0098FFFD /* RLMServiceV4 */ = {
			isa = PBXGroup;
			children = (
				72061DA621AFE0DA0098FFFD /* RLMServiceV4.swift */,
				72061DA521AFE0DA0098FFFD /* RLMServiceV4+DishReview.swift */,
				72061DA721AFE0DA0098FFFD /* RLMServiceV4+Dish.swift */,
				72061DA821AFE0DA0098FFFD /* RLMServiceV4+Image.swift */,
				72061DA921AFE0DA0098FFFD /* RLMServiceV4+Restaurant.swift */,
				648842FB21CDD9B700B7510C /* RLMServiceV4+Queue.swift */,
			);
			path = RLMServiceV4;
			sourceTree = "<group>";
		};
		7219796421D36B9C00FD6435 /* TableCells */ = {
			isa = PBXGroup;
			children = (
				7219795621D361B200FD6435 /* V4Review_RestaurantNameCell.xib */,
				7219795821D3665B00FD6435 /* V4Review_DiningTimeCell.xib */,
				7219795A21D3667100FD6435 /* V4Review_ReviewTitleCell.xib */,
				7219795C21D3667B00FD6435 /* V4Review_DishReviewHeaderCell.xib */,
				7219795E21D3668700FD6435 /* V4Review_DishReviewCell.xib */,
				7219796021D3669100FD6435 /* V4Review_RestaurantRatingCell.xib */,
				7219796221D367C700FD6435 /* V4Review_DeleteCell.xib */,
			);
			path = TableCells;
			sourceTree = "<group>";
		};
		7219796521D3724A00FD6435 /* SelectShareReview */ = {
			isa = PBXGroup;
			children = (
			);
			path = SelectShareReview;
			sourceTree = "<group>";
		};
		7219796621D3727B00FD6435 /* Share */ = {
			isa = PBXGroup;
			children = (
				7219796721D373B500FD6435 /* V4Share.storyboard */,
				7219796921D3747100FD6435 /* V4ShareVC.swift */,
				7219796B21D3796D00FD6435 /* V4ShareVM.swift */,
			);
			path = Share;
			sourceTree = "<group>";
		};
		7219796D21D4750C00FD6435 /* ShareFlowController */ = {
			isa = PBXGroup;
			children = (
				7219796E21D4776B00FD6435 /* V4ShareFlowController.swift */,
			);
			path = ShareFlowController;
			sourceTree = "<group>";
		};
		723B1F8021B4D21C00CF91F3 /* ReviewFlowController */ = {
			isa = PBXGroup;
			children = (
				723B1F8121B4D23500CF91F3 /* V4ReviewFlowController.swift */,
				723B1F8721B4E36A00CF91F3 /* V4ReviewFlows-Base.swift */,
				723B1F8521B4E30700CF91F3 /* V4ReviewFlows-WriteBegin.swift */,
				723B1F8921B4E51A00CF91F3 /* V4ReviewFlows-CheckLastUnsaved.swift */,
				723B1F8B21B5081200CF91F3 /* V4ReviewFlows-AddNewPhoto.swift */,
			);
			path = ReviewFlowController;
			sourceTree = "<group>";
		};
		723B1F8D21B50BBC00CF91F3 /* PhotoPicker */ = {
			isa = PBXGroup;
			children = (
				7287026921BFB05A000E1116 /* V3PhotoPicker */,
				723B1F9621B532E900CF91F3 /* V4PhotoPickerModule.swift */,
				723B1F9221B5246300CF91F3 /* V4PhotoPickerVC.swift */,
				723B1F9421B5278F00CF91F3 /* V4PhotoPicker.storyboard */,
				723E17F121D07B6700E50E25 /* V4PhotoService.swift */,
			);
			path = PhotoPicker;
			sourceTree = "<group>";
		};
		723B1F9021B50C6E00CF91F3 /* PhotoPickerFlowController */ = {
			isa = PBXGroup;
			children = (
				723B1F8E21B50BD500CF91F3 /* V4PhotoPickerFlowController.swift */,
			);
			path = PhotoPickerFlowController;
			sourceTree = "<group>";
		};
		723B1F9821B53A1300CF91F3 /* Review */ = {
			isa = PBXGroup;
			children = (
				7219796421D36B9C00FD6435 /* TableCells */,
				72061D8521AFDD090098FFFD /* V4ReviewVM.swift */,
				72061D7A21AE8D870098FFFD /* V4ReviewVC.swift */,
				723B1F9C21B65E7900CF91F3 /* V4ReviewVC+Cells.swift */,
				72061D8121AE96350098FFFD /* V4Review.storyboard */,
			);
			path = Review;
			sourceTree = "<group>";
		};
		723B1F9921B53ADC00CF91F3 /* (FlowControllers) */ = {
			isa = PBXGroup;
			children = (
				723B1F8021B4D21C00CF91F3 /* ReviewFlowController */,
				723B1F9021B50C6E00CF91F3 /* PhotoPickerFlowController */,
				7287025D21BF6EE8000E1116 /* RestaurantPickerFlowController */,
				7219796D21D4750C00FD6435 /* ShareFlowController */,
			);
			name = "(FlowControllers)";
			path = FlowControllers;
			sourceTree = "<group>";
		};
		7287025D21BF6EE8000E1116 /* RestaurantPickerFlowController */ = {
			isa = PBXGroup;
			children = (
				7287025E21BF8B1F000E1116 /* V4RestaurantPickerFlowController.swift */,
			);
			path = RestaurantPickerFlowController;
			sourceTree = "<group>";
		};
		7287026021BF8FAE000E1116 /* RestaurantPicker */ = {
			isa = PBXGroup;
			children = (
				B0A0AF8421C107F5005BE7AB /* no_use */,
				B0A0AF8721C107F5005BE7AB /* V4RestaurantPicker.storyboard */,
				B0A0AF8821C107F5005BE7AB /* V4RestaurantPickerVC.swift */,
				B0A0AF8621C107F5005BE7AB /* V4RestaurantPickerVC+Cells.swift */,
			);
			path = RestaurantPicker;
			sourceTree = "<group>";
		};
		7287026921BFB05A000E1116 /* V3PhotoPicker */ = {
			isa = PBXGroup;
			children = (
				7287026A21BFB05A000E1116 /* NoteV3Camera.storyboard */,
				7287026B21BFB05A000E1116 /* NoteV3PhotoLibrarySelectionViewController.swift */,
				7287026C21BFB05A000E1116 /* NoteV3CameraViewController.swift */,
				7287027821BFB734000E1116 /* PhotoSelectionViewController.swift */,
				7287027621BFB6EE000E1116 /* NewPhotoSelectionViewController.swift */,
				7287026D21BFB05A000E1116 /* NoteV3PhotoPickerViewController.swift */,
				7287026E21BFB05A000E1116 /* NoteV3PhotoPicker.storyboard */,
				7287026F21BFB05A000E1116 /* NoteV3PhotoLibrarySelection.storyboard */,
			);
			path = V3PhotoPicker;
			sourceTree = "<group>";
		};
		7287027A21BFB8A4000E1116 /* Utility */ = {
			isa = PBXGroup;
			children = (
				7287028121C750F6000E1116 /* UIView+Extension.swift */,
				B0A0AFAC21C15AE5005BE7AB /* Array+Extension.swift */,
				B0A0AFA321C13AD3005BE7AB /* UIColor+Extension.swift */,
				B0A0AFA121C13A47005BE7AB /* DishRankColor.swift */,
				B0A0AF9B21C11147005BE7AB /* UIImage+Extension.swift */,
				B0A0AF9921C110DA005BE7AB /* TextField+Extension.swift */,
				B0A0AF9421C11095005BE7AB /* SearchBar */,
				B0A0AF8D21C10EBE005BE7AB /* TipBar.swift */,
				7287027F21BFB9FE000E1116 /* Date+Extension.swift */,
				7287027D21BFB90E000E1116 /* UIAlertController+Extension.swift */,
				7287027B21BFB8A4000E1116 /* UIViewController+Alert.swift */,
			);
			path = Utility;
			sourceTree = "<group>";
		};
		B0A0AF8421C107F5005BE7AB /* no_use */ = {
			isa = PBXGroup;
			children = (
				7287026121BF8FD9000E1116 /* V4RestaurantPickerVCTemp.swift */,
				7287026321BF8FF7000E1116 /* V4RestaurantPickerTemp.storyboard */,
			);
			path = no_use;
			sourceTree = "<group>";
		};
		B0A0AF8C21C10E5C005BE7AB /* (Services) */ = {
			isa = PBXGroup;
			children = (
				B0A0AF8F21C10ED2005BE7AB /* Location */,
			);
			name = "(Services)";
			path = Services;
			sourceTree = "<group>";
		};
		B0A0AF8F21C10ED2005BE7AB /* Location */ = {
			isa = PBXGroup;
			children = (
				B0A0AF9021C10ED2005BE7AB /* LocationService+Message.swift */,
				B0A0AF9121C10ED2005BE7AB /* LocationService.swift */,
			);
			path = Location;
			sourceTree = "<group>";
		};
		B0A0AF9421C11095005BE7AB /* SearchBar */ = {
			isa = PBXGroup;
			children = (
				B0A0AF9521C11095005BE7AB /* CustomSearchController.swift */,
				B0A0AF9621C11095005BE7AB /* CustomSearchBar.swift */,
			);
			path = SearchBar;
			sourceTree = "<group>";
		};
		B0A0AFA521C13BC2005BE7AB /* AddRestaurant */ = {
			isa = PBXGroup;
			children = (
				B0A0AFA621C13BC2005BE7AB /* AddRestaurantVM.swift */,
				B0A0AFA721C13BC2005BE7AB /* AddRestaurantVC.swift */,
				B0A0AFA821C13BC2005BE7AB /* AddRestaurant.storyboard */,
			);
			path = AddRestaurant;
			sourceTree = "<group>";
		};
		D7052C4C933E4E5122EE0C41 /* Pods */ = {
			isa = PBXGroup;
			children = (
				C833031ED5861E5302BE059F /* Pods-DesignFlower.debug.xcconfig */,
				4557ABFD1D8B0ED822560300 /* Pods-DesignFlower.release.xcconfig */,
			);
			name = Pods;
			sourceTree = "<group>";
		};
/* End PBXGroup section */

/* Begin PBXNativeTarget section */
		72061D6121AE8A940098FFFD /* DesignFlower */ = {
			isa = PBXNativeTarget;
			buildConfigurationList = 72061D7421AE8A950098FFFD /* Build configuration list for PBXNativeTarget "DesignFlower" */;
			buildPhases = (
				D65BB46675C5BC2CC7D8324B /* [CP] Check Pods Manifest.lock */,
				72061D5E21AE8A940098FFFD /* Sources */,
				72061D5F21AE8A940098FFFD /* Frameworks */,
				72061D6021AE8A940098FFFD /* Resources */,
				FA6FEB1738B242D399035AFC /* [CP] Embed Pods Frameworks */,
				A870C0914834129FD891D5B3 /* [CP] Copy Pods Resources */,
			);
			buildRules = (
			);
			dependencies = (
			);
			name = DesignFlower;
			productName = DesignFlower;
			productReference = 72061D6221AE8A940098FFFD /* DesignFlower.app */;
			productType = "com.apple.product-type.application";
		};
/* End PBXNativeTarget section */

/* Begin PBXProject section */
		72061D5A21AE8A940098FFFD /* Project object */ = {
			isa = PBXProject;
			attributes = {
				LastSwiftUpdateCheck = 1000;
				LastUpgradeCheck = 1000;
				ORGANIZATIONNAME = test;
				TargetAttributes = {
					72061D6121AE8A940098FFFD = {
						CreatedOnToolsVersion = 10.0;
					};
				};
			};
			buildConfigurationList = 72061D5D21AE8A940098FFFD /* Build configuration list for PBXProject "DesignFlower" */;
			compatibilityVersion = "Xcode 9.3";
			developmentRegion = en;
			hasScannedForEncodings = 0;
			knownRegions = (
				en,
				Base,
			);
			mainGroup = 72061D5921AE8A940098FFFD;
			productRefGroup = 72061D6321AE8A940098FFFD /* Products */;
			projectDirPath = "";
			projectRoot = "";
			targets = (
				72061D6121AE8A940098FFFD /* DesignFlower */,
			);
		};
/* End PBXProject section */

/* Begin PBXResourcesBuildPhase section */
		72061D6021AE8A940098FFFD /* Resources */ = {
			isa = PBXResourcesBuildPhase;
			buildActionMask = 2147483647;
			files = (
				B0A0AFAB21C13BC2005BE7AB /* AddRestaurant.storyboard in Resources */,
				7219795B21D3667100FD6435 /* V4Review_ReviewTitleCell.xib in Resources */,
				7219796821D373B500FD6435 /* V4Share.storyboard in Resources */,
				72061D7021AE8A950098FFFD /* LaunchScreen.storyboard in Resources */,
				7219796321D367C700FD6435 /* V4Review_DeleteCell.xib in Resources */,
				7219795721D361B200FD6435 /* V4Review_RestaurantNameCell.xib in Resources */,
				7287026421BF8FF7000E1116 /* V4RestaurantPickerTemp.storyboard in Resources */,
				7287027421BFB05A000E1116 /* NoteV3PhotoPicker.storyboard in Resources */,
				7219796121D3669100FD6435 /* V4Review_RestaurantRatingCell.xib in Resources */,
				72061D6D21AE8A950098FFFD /* Assets.xcassets in Resources */,
				7287027021BFB05A000E1116 /* NoteV3Camera.storyboard in Resources */,
				7219795921D3665B00FD6435 /* V4Review_DiningTimeCell.xib in Resources */,
				7219795D21D3667B00FD6435 /* V4Review_DishReviewHeaderCell.xib in Resources */,
				72061D8221AE96350098FFFD /* V4Review.storyboard in Resources */,
				7219795F21D3668700FD6435 /* V4Review_DishReviewCell.xib in Resources */,
				72061D6B21AE8A950098FFFD /* Main.storyboard in Resources */,
				7287027521BFB05A000E1116 /* NoteV3PhotoLibrarySelection.storyboard in Resources */,
				723B1F9521B5278F00CF91F3 /* V4PhotoPicker.storyboard in Resources */,
				B0A0AF8A21C107F5005BE7AB /* V4RestaurantPicker.storyboard in Resources */,
			);
			runOnlyForDeploymentPostprocessing = 0;
		};
/* End PBXResourcesBuildPhase section */

/* Begin PBXShellScriptBuildPhase section */
		A870C0914834129FD891D5B3 /* [CP] Copy Pods Resources */ = {
			isa = PBXShellScriptBuildPhase;
			buildActionMask = 2147483647;
			files = (
			);
			inputFileListPaths = (
			);
			inputPaths = (
			);
			name = "[CP] Copy Pods Resources";
			outputFileListPaths = (
			);
			outputPaths = (
			);
			runOnlyForDeploymentPostprocessing = 0;
			shellPath = /bin/sh;
			shellScript = "\"${SRCROOT}/Pods/Target Support Files/Pods-DesignFlower/Pods-DesignFlower-resources.sh\"\n";
			showEnvVarsInLog = 0;
		};
		D65BB46675C5BC2CC7D8324B /* [CP] Check Pods Manifest.lock */ = {
			isa = PBXShellScriptBuildPhase;
			buildActionMask = 2147483647;
			files = (
			);
			inputFileListPaths = (
			);
			inputPaths = (
				"${PODS_PODFILE_DIR_PATH}/Podfile.lock",
				"${PODS_ROOT}/Manifest.lock",
			);
			name = "[CP] Check Pods Manifest.lock";
			outputFileListPaths = (
			);
			outputPaths = (
				"$(DERIVED_FILE_DIR)/Pods-DesignFlower-checkManifestLockResult.txt",
			);
			runOnlyForDeploymentPostprocessing = 0;
			shellPath = /bin/sh;
			shellScript = "diff \"${PODS_PODFILE_DIR_PATH}/Podfile.lock\" \"${PODS_ROOT}/Manifest.lock\" > /dev/null\nif [ $? != 0 ] ; then\n    # print error to STDERR\n    echo \"error: The sandbox is not in sync with the Podfile.lock. Run 'pod install' or update your CocoaPods installation.\" >&2\n    exit 1\nfi\n# This output is used by Xcode 'outputs' to avoid re-running this script phase.\necho \"SUCCESS\" > \"${SCRIPT_OUTPUT_FILE_0}\"\n";
			showEnvVarsInLog = 0;
		};
		FA6FEB1738B242D399035AFC /* [CP] Embed Pods Frameworks */ = {
			isa = PBXShellScriptBuildPhase;
			buildActionMask = 2147483647;
			files = (
			);
			inputFileListPaths = (
			);
			inputPaths = (
				"${SRCROOT}/Pods/Target Support Files/Pods-DesignFlower/Pods-DesignFlower-frameworks.sh",
				"${BUILT_PRODUCTS_DIR}/Alamofire/Alamofire.framework",
				"${BUILT_PRODUCTS_DIR}/CameraManager/CameraManager.framework",
				"${BUILT_PRODUCTS_DIR}/CountryAndCity/CountryAndCity.framework",
				"${BUILT_PRODUCTS_DIR}/HTTPStatusCodes/HTTPStatusCodes.framework",
				"${BUILT_PRODUCTS_DIR}/Moya/Moya.framework",
				"${BUILT_PRODUCTS_DIR}/PromiseKit/PromiseKit.framework",
				"${BUILT_PRODUCTS_DIR}/Realm/Realm.framework",
				"${BUILT_PRODUCTS_DIR}/RealmSwift/RealmSwift.framework",
				"${BUILT_PRODUCTS_DIR}/Result/Result.framework",
				"${BUILT_PRODUCTS_DIR}/RxAtomic/RxAtomic.framework",
				"${BUILT_PRODUCTS_DIR}/RxCocoa/RxCocoa.framework",
				"${BUILT_PRODUCTS_DIR}/RxSwift/RxSwift.framework",
				"${BUILT_PRODUCTS_DIR}/SDWebImage/SDWebImage.framework",
				"${BUILT_PRODUCTS_DIR}/SVProgressHUD/SVProgressHUD.framework",
				"${BUILT_PRODUCTS_DIR}/SnapKit/SnapKit.framework",
				"${BUILT_PRODUCTS_DIR}/SwiftLocation/SwiftLocation.framework",
				"${BUILT_PRODUCTS_DIR}/SwiftyJSON/SwiftyJSON.framework",
				"${BUILT_PRODUCTS_DIR}/YCRateView/YCRateView.framework",
			);
			name = "[CP] Embed Pods Frameworks";
			outputFileListPaths = (
			);
			outputPaths = (
				"${TARGET_BUILD_DIR}/${FRAMEWORKS_FOLDER_PATH}/Alamofire.framework",
				"${TARGET_BUILD_DIR}/${FRAMEWORKS_FOLDER_PATH}/CameraManager.framework",
				"${TARGET_BUILD_DIR}/${FRAMEWORKS_FOLDER_PATH}/CountryAndCity.framework",
				"${TARGET_BUILD_DIR}/${FRAMEWORKS_FOLDER_PATH}/HTTPStatusCodes.framework",
				"${TARGET_BUILD_DIR}/${FRAMEWORKS_FOLDER_PATH}/Moya.framework",
				"${TARGET_BUILD_DIR}/${FRAMEWORKS_FOLDER_PATH}/PromiseKit.framework",
				"${TARGET_BUILD_DIR}/${FRAMEWORKS_FOLDER_PATH}/Realm.framework",
				"${TARGET_BUILD_DIR}/${FRAMEWORKS_FOLDER_PATH}/RealmSwift.framework",
				"${TARGET_BUILD_DIR}/${FRAMEWORKS_FOLDER_PATH}/Result.framework",
				"${TARGET_BUILD_DIR}/${FRAMEWORKS_FOLDER_PATH}/RxAtomic.framework",
				"${TARGET_BUILD_DIR}/${FRAMEWORKS_FOLDER_PATH}/RxCocoa.framework",
				"${TARGET_BUILD_DIR}/${FRAMEWORKS_FOLDER_PATH}/RxSwift.framework",
				"${TARGET_BUILD_DIR}/${FRAMEWORKS_FOLDER_PATH}/SDWebImage.framework",
				"${TARGET_BUILD_DIR}/${FRAMEWORKS_FOLDER_PATH}/SVProgressHUD.framework",
				"${TARGET_BUILD_DIR}/${FRAMEWORKS_FOLDER_PATH}/SnapKit.framework",
				"${TARGET_BUILD_DIR}/${FRAMEWORKS_FOLDER_PATH}/SwiftLocation.framework",
				"${TARGET_BUILD_DIR}/${FRAMEWORKS_FOLDER_PATH}/SwiftyJSON.framework",
				"${TARGET_BUILD_DIR}/${FRAMEWORKS_FOLDER_PATH}/YCRateView.framework",
			);
			runOnlyForDeploymentPostprocessing = 0;
			shellPath = /bin/sh;
			shellScript = "\"${SRCROOT}/Pods/Target Support Files/Pods-DesignFlower/Pods-DesignFlower-frameworks.sh\"\n";
			showEnvVarsInLog = 0;
		};
/* End PBXShellScriptBuildPhase section */

/* Begin PBXSourcesBuildPhase section */
		72061D5E21AE8A940098FFFD /* Sources */ = {
			isa = PBXSourcesBuildPhase;
			buildActionMask = 2147483647;
			files = (
				72061D9621AFDF080098FFFD /* KVOImageV4.swift in Sources */,
				B0A0AF8B21C107F5005BE7AB /* V4RestaurantPickerVC.swift in Sources */,
				72061DB221AFE0DA0098FFFD /* RLMServiceV4+Dish.swift in Sources */,
				7219796C21D3796D00FD6435 /* V4ShareVM.swift in Sources */,
				B0A0AFAD21C15AE5005BE7AB /* Array+Extension.swift in Sources */,
				72061D6821AE8A950098FFFD /* ViewController.swift in Sources */,
				723B1F8421B4D3AA00CF91F3 /* DisplayContext.swift in Sources */,
				B0A0AFA921C13BC2005BE7AB /* AddRestaurantVM.swift in Sources */,
				6488430221DE0F5400B7510C /* AutoLogin.swift in Sources */,
				72061D9821AFDF080098FFFD /* RLMRestaurantV4.swift in Sources */,
				7287028221C750F6000E1116 /* UIView+Extension.swift in Sources */,
				723B1F8F21B50BD500CF91F3 /* V4PhotoPickerFlowController.swift in Sources */,
				B0A0AFB421C16305005BE7AB /* Dish.swift in Sources */,
				7287025F21BF8B1F000E1116 /* V4RestaurantPickerFlowController.swift in Sources */,
				64D8363421C8F01A003E5ACC /* Uploadable.swift in Sources */,
				72061D7E21AE8E130098FFFD /* FlowedViewController.swift in Sources */,
				723B1F8A21B4E51A00CF91F3 /* V4ReviewFlows-CheckLastUnsaved.swift in Sources */,
				64D8363321C8F01A003E5ACC /* SyncService.swift in Sources */,
				B0A0AF8E21C10EBE005BE7AB /* TipBar.swift in Sources */,
				B0A0AF9821C11095005BE7AB /* CustomSearchBar.swift in Sources */,
				B0A0AFB121C162CB005BE7AB /* Media.swift in Sources */,
				72061DAB21AFE0DA0098FFFD /* DishReviewObserve.swift in Sources */,
				72061DB421AFE0DA0098FFFD /* RLMServiceV4+Restaurant.swift in Sources */,
				723B1F8C21B5081200CF91F3 /* V4ReviewFlows-AddNewPhoto.swift in Sources */,
				B0A0AF9221C10ED2005BE7AB /* LocationService+Message.swift in Sources */,
				72061DAA21AFE0DA0098FFFD /* ImageObserve.swift in Sources */,
				72061D9A21AFDF080098FFFD /* KVODishReviewV4.swift in Sources */,
				B0A0AF9321C10ED2005BE7AB /* LocationService.swift in Sources */,
				723B1F9721B532E900CF91F3 /* V4PhotoPickerModule.swift in Sources */,
				B0A0AF9E21C13972005BE7AB /* Restaurant.swift in Sources */,
				B0A0AFA421C13AD3005BE7AB /* UIColor+Extension.swift in Sources */,
				72061D8621AFDD090098FFFD /* V4ReviewVM.swift in Sources */,
				723B1F8621B4E30700CF91F3 /* V4ReviewFlows-WriteBegin.swift in Sources */,
				B0A0AFA221C13A47005BE7AB /* DishRankColor.swift in Sources */,
				7287027721BFB6EF000E1116 /* NewPhotoSelectionViewController.swift in Sources */,
				648842FA21CDD95A00B7510C /* RLMQueue.swift in Sources */,
				72061D9321AFDF080098FFFD /* RLMImageV4.swift in Sources */,
				723B1F7F21B4D1A200CF91F3 /* ViewBasedFlowController.swift in Sources */,
				B0A0AF9A21C110DA005BE7AB /* TextField+Extension.swift in Sources */,
				72061DAD21AFE0DA0098FFFD /* RestReviewObserve.swift in Sources */,
				72061DB021AFE0DA0098FFFD /* RLMServiceV4+DishReview.swift in Sources */,
				723B1F7B21B4CFD400CF91F3 /* FlowController.swift in Sources */,
				72061D9B21AFDF080098FFFD /* RLMDishReviewV4.swift in Sources */,
				B0A0AFAA21C13BC2005BE7AB /* AddRestaurantVC.swift in Sources */,
				72061DAF21AFE0DA0098FFFD /* RLMCustomProtocol.swift in Sources */,
				7287028021BFB9FE000E1116 /* Date+Extension.swift in Sources */,
				723B1F8221B4D23500CF91F3 /* V4ReviewFlowController.swift in Sources */,
				7287027321BFB05A000E1116 /* NoteV3PhotoPickerViewController.swift in Sources */,
				72061DB121AFE0DA0098FFFD /* RLMServiceV4.swift in Sources */,
				72061D7B21AE8D870098FFFD /* V4ReviewVC.swift in Sources */,
				7287027E21BFB90E000E1116 /* UIAlertController+Extension.swift in Sources */,
				72061D9521AFDF080098FFFD /* KVORestReviewV4.swift in Sources */,
				723E17F221D07B6700E50E25 /* V4PhotoService.swift in Sources */,
				7287027221BFB05A000E1116 /* NoteV3CameraViewController.swift in Sources */,
				72061DAE21AFE0DA0098FFFD /* RestaurantObserve.swift in Sources */,
				72061DB321AFE0DA0098FFFD /* RLMServiceV4+Image.swift in Sources */,
				723B1F8821B4E36A00CF91F3 /* V4ReviewFlows-Base.swift in Sources */,
				72061DAC21AFE0DA0098FFFD /* DishObserve.swift in Sources */,
				B0A0AF8921C107F5005BE7AB /* V4RestaurantPickerVC+Cells.swift in Sources */,
				72061D9421AFDF080098FFFD /* RLMRestReviewV4.swift in Sources */,
				B0A0AFB021C162CB005BE7AB /* OpenHour.swift in Sources */,
				7287026221BF8FD9000E1116 /* V4RestaurantPickerVCTemp.swift in Sources */,
				648842FC21CDD9B700B7510C /* RLMServiceV4+Queue.swift in Sources */,
				B0A0AF9721C11095005BE7AB /* CustomSearchController.swift in Sources */,
				B0A0AF9C21C11147005BE7AB /* UIImage+Extension.swift in Sources */,
				7287026821BFA4C7000E1116 /* Location.swift in Sources */,
				72061D9721AFDF080098FFFD /* KVORestaurantV4.swift in Sources */,
				B0A0AFA021C139BA005BE7AB /* CityModel.swift in Sources */,
				7219796F21D4776B00FD6435 /* V4ShareFlowController.swift in Sources */,
				7219796A21D3747100FD6435 /* V4ShareVC.swift in Sources */,
				7287027C21BFB8A4000E1116 /* UIViewController+Alert.swift in Sources */,
				7287027121BFB05A000E1116 /* NoteV3PhotoLibrarySelectionViewController.swift in Sources */,
				7287027921BFB734000E1116 /* PhotoSelectionViewController.swift in Sources */,
				72061D6621AE8A940098FFFD /* AppDelegate.swift in Sources */,
				723B1F7D21B4D03A00CF91F3 /* Flow.swift in Sources */,
				72061D9921AFDF080098FFFD /* KVODishV4.swift in Sources */,
				723B1F9D21B65E7900CF91F3 /* V4ReviewVC+Cells.swift in Sources */,
				72061D9221AFDF080098FFFD /* RLMDishV4.swift in Sources */,
				723B1F9321B5246300CF91F3 /* V4PhotoPickerVC.swift in Sources */,
			);
			runOnlyForDeploymentPostprocessing = 0;
		};
/* End PBXSourcesBuildPhase section */

/* Begin PBXVariantGroup section */
		72061D6921AE8A950098FFFD /* Main.storyboard */ = {
			isa = PBXVariantGroup;
			children = (
				72061D6A21AE8A950098FFFD /* Base */,
			);
			name = Main.storyboard;
			sourceTree = "<group>";
		};
		72061D6E21AE8A950098FFFD /* LaunchScreen.storyboard */ = {
			isa = PBXVariantGroup;
			children = (
				72061D6F21AE8A950098FFFD /* Base */,
			);
			name = LaunchScreen.storyboard;
			sourceTree = "<group>";
		};
/* End PBXVariantGroup section */

/* Begin XCBuildConfiguration section */
		72061D7221AE8A950098FFFD /* Debug */ = {
			isa = XCBuildConfiguration;
			buildSettings = {
				ALWAYS_SEARCH_USER_PATHS = NO;
				CLANG_ANALYZER_NONNULL = YES;
				CLANG_ANALYZER_NUMBER_OBJECT_CONVERSION = YES_AGGRESSIVE;
				CLANG_CXX_LANGUAGE_STANDARD = "gnu++14";
				CLANG_CXX_LIBRARY = "libc++";
				CLANG_ENABLE_MODULES = YES;
				CLANG_ENABLE_OBJC_ARC = YES;
				CLANG_ENABLE_OBJC_WEAK = YES;
				CLANG_WARN_BLOCK_CAPTURE_AUTORELEASING = YES;
				CLANG_WARN_BOOL_CONVERSION = YES;
				CLANG_WARN_COMMA = YES;
				CLANG_WARN_CONSTANT_CONVERSION = YES;
				CLANG_WARN_DEPRECATED_OBJC_IMPLEMENTATIONS = YES;
				CLANG_WARN_DIRECT_OBJC_ISA_USAGE = YES_ERROR;
				CLANG_WARN_DOCUMENTATION_COMMENTS = YES;
				CLANG_WARN_EMPTY_BODY = YES;
				CLANG_WARN_ENUM_CONVERSION = YES;
				CLANG_WARN_INFINITE_RECURSION = YES;
				CLANG_WARN_INT_CONVERSION = YES;
				CLANG_WARN_NON_LITERAL_NULL_CONVERSION = YES;
				CLANG_WARN_OBJC_IMPLICIT_RETAIN_SELF = YES;
				CLANG_WARN_OBJC_LITERAL_CONVERSION = YES;
				CLANG_WARN_OBJC_ROOT_CLASS = YES_ERROR;
				CLANG_WARN_RANGE_LOOP_ANALYSIS = YES;
				CLANG_WARN_STRICT_PROTOTYPES = YES;
				CLANG_WARN_SUSPICIOUS_MOVE = YES;
				CLANG_WARN_UNGUARDED_AVAILABILITY = YES_AGGRESSIVE;
				CLANG_WARN_UNREACHABLE_CODE = YES;
				CLANG_WARN__DUPLICATE_METHOD_MATCH = YES;
				CODE_SIGN_IDENTITY = "iPhone Developer";
				COPY_PHASE_STRIP = NO;
				DEBUG_INFORMATION_FORMAT = dwarf;
				ENABLE_STRICT_OBJC_MSGSEND = YES;
				ENABLE_TESTABILITY = YES;
				GCC_C_LANGUAGE_STANDARD = gnu11;
				GCC_DYNAMIC_NO_PIC = NO;
				GCC_NO_COMMON_BLOCKS = YES;
				GCC_OPTIMIZATION_LEVEL = 0;
				GCC_PREPROCESSOR_DEFINITIONS = (
					"DEBUG=1",
					"$(inherited)",
				);
				GCC_WARN_64_TO_32_BIT_CONVERSION = YES;
				GCC_WARN_ABOUT_RETURN_TYPE = YES_ERROR;
				GCC_WARN_UNDECLARED_SELECTOR = YES;
				GCC_WARN_UNINITIALIZED_AUTOS = YES_AGGRESSIVE;
				GCC_WARN_UNUSED_FUNCTION = YES;
				GCC_WARN_UNUSED_VARIABLE = YES;
				IPHONEOS_DEPLOYMENT_TARGET = 12.0;
				MTL_ENABLE_DEBUG_INFO = INCLUDE_SOURCE;
				MTL_FAST_MATH = YES;
				ONLY_ACTIVE_ARCH = YES;
				SDKROOT = iphoneos;
				SWIFT_ACTIVE_COMPILATION_CONDITIONS = DEBUG;
				SWIFT_OPTIMIZATION_LEVEL = "-Onone";
			};
			name = Debug;
		};
		72061D7321AE8A950098FFFD /* Release */ = {
			isa = XCBuildConfiguration;
			buildSettings = {
				ALWAYS_SEARCH_USER_PATHS = NO;
				CLANG_ANALYZER_NONNULL = YES;
				CLANG_ANALYZER_NUMBER_OBJECT_CONVERSION = YES_AGGRESSIVE;
				CLANG_CXX_LANGUAGE_STANDARD = "gnu++14";
				CLANG_CXX_LIBRARY = "libc++";
				CLANG_ENABLE_MODULES = YES;
				CLANG_ENABLE_OBJC_ARC = YES;
				CLANG_ENABLE_OBJC_WEAK = YES;
				CLANG_WARN_BLOCK_CAPTURE_AUTORELEASING = YES;
				CLANG_WARN_BOOL_CONVERSION = YES;
				CLANG_WARN_COMMA = YES;
				CLANG_WARN_CONSTANT_CONVERSION = YES;
				CLANG_WARN_DEPRECATED_OBJC_IMPLEMENTATIONS = YES;
				CLANG_WARN_DIRECT_OBJC_ISA_USAGE = YES_ERROR;
				CLANG_WARN_DOCUMENTATION_COMMENTS = YES;
				CLANG_WARN_EMPTY_BODY = YES;
				CLANG_WARN_ENUM_CONVERSION = YES;
				CLANG_WARN_INFINITE_RECURSION = YES;
				CLANG_WARN_INT_CONVERSION = YES;
				CLANG_WARN_NON_LITERAL_NULL_CONVERSION = YES;
				CLANG_WARN_OBJC_IMPLICIT_RETAIN_SELF = YES;
				CLANG_WARN_OBJC_LITERAL_CONVERSION = YES;
				CLANG_WARN_OBJC_ROOT_CLASS = YES_ERROR;
				CLANG_WARN_RANGE_LOOP_ANALYSIS = YES;
				CLANG_WARN_STRICT_PROTOTYPES = YES;
				CLANG_WARN_SUSPICIOUS_MOVE = YES;
				CLANG_WARN_UNGUARDED_AVAILABILITY = YES_AGGRESSIVE;
				CLANG_WARN_UNREACHABLE_CODE = YES;
				CLANG_WARN__DUPLICATE_METHOD_MATCH = YES;
				CODE_SIGN_IDENTITY = "iPhone Developer";
				COPY_PHASE_STRIP = NO;
				DEBUG_INFORMATION_FORMAT = "dwarf-with-dsym";
				ENABLE_NS_ASSERTIONS = NO;
				ENABLE_STRICT_OBJC_MSGSEND = YES;
				GCC_C_LANGUAGE_STANDARD = gnu11;
				GCC_NO_COMMON_BLOCKS = YES;
				GCC_WARN_64_TO_32_BIT_CONVERSION = YES;
				GCC_WARN_ABOUT_RETURN_TYPE = YES_ERROR;
				GCC_WARN_UNDECLARED_SELECTOR = YES;
				GCC_WARN_UNINITIALIZED_AUTOS = YES_AGGRESSIVE;
				GCC_WARN_UNUSED_FUNCTION = YES;
				GCC_WARN_UNUSED_VARIABLE = YES;
				IPHONEOS_DEPLOYMENT_TARGET = 12.0;
				MTL_ENABLE_DEBUG_INFO = NO;
				MTL_FAST_MATH = YES;
				SDKROOT = iphoneos;
				SWIFT_COMPILATION_MODE = wholemodule;
				SWIFT_OPTIMIZATION_LEVEL = "-O";
				VALIDATE_PRODUCT = YES;
			};
			name = Release;
		};
		72061D7521AE8A950098FFFD /* Debug */ = {
			isa = XCBuildConfiguration;
			baseConfigurationReference = C833031ED5861E5302BE059F /* Pods-DesignFlower.debug.xcconfig */;
			buildSettings = {
				ASSETCATALOG_COMPILER_APPICON_NAME = AppIcon;
				CODE_SIGN_STYLE = Automatic;
				DEVELOPMENT_TEAM = TR6HP65TF9;
				INFOPLIST_FILE = DesignFlower/Info.plist;
				LD_RUNPATH_SEARCH_PATHS = (
					"$(inherited)",
					"@executable_path/Frameworks",
				);
				PRODUCT_BUNDLE_IDENTIFIER = test.DesignFlower;
				PRODUCT_NAME = "$(TARGET_NAME)";
				SWIFT_VERSION = 4.0;
				TARGETED_DEVICE_FAMILY = "1,2";
			};
			name = Debug;
		};
		72061D7621AE8A950098FFFD /* Release */ = {
			isa = XCBuildConfiguration;
			baseConfigurationReference = 4557ABFD1D8B0ED822560300 /* Pods-DesignFlower.release.xcconfig */;
			buildSettings = {
				ASSETCATALOG_COMPILER_APPICON_NAME = AppIcon;
				CODE_SIGN_STYLE = Automatic;
				DEVELOPMENT_TEAM = TR6HP65TF9;
				INFOPLIST_FILE = DesignFlower/Info.plist;
				LD_RUNPATH_SEARCH_PATHS = (
					"$(inherited)",
					"@executable_path/Frameworks",
				);
				PRODUCT_BUNDLE_IDENTIFIER = test.DesignFlower;
				PRODUCT_NAME = "$(TARGET_NAME)";
				SWIFT_VERSION = 4.0;
				TARGETED_DEVICE_FAMILY = "1,2";
			};
			name = Release;
		};
/* End XCBuildConfiguration section */

/* Begin XCConfigurationList section */
		72061D5D21AE8A940098FFFD /* Build configuration list for PBXProject "DesignFlower" */ = {
			isa = XCConfigurationList;
			buildConfigurations = (
				72061D7221AE8A950098FFFD /* Debug */,
				72061D7321AE8A950098FFFD /* Release */,
			);
			defaultConfigurationIsVisible = 0;
			defaultConfigurationName = Release;
		};
		72061D7421AE8A950098FFFD /* Build configuration list for PBXNativeTarget "DesignFlower" */ = {
			isa = XCConfigurationList;
			buildConfigurations = (
				72061D7521AE8A950098FFFD /* Debug */,
				72061D7621AE8A950098FFFD /* Release */,
			);
			defaultConfigurationIsVisible = 0;
			defaultConfigurationName = Release;
		};
/* End XCConfigurationList section */
	};
	rootObject = 72061D5A21AE8A940098FFFD /* Project object */;
}
